
Microsoft Visual Studio Solution File, Format Version 12.00
# Visual Studio 15
VisualStudioVersion = 15.0.26124.0
MinimumVisualStudioVersion = 15.0.26124.0
Project("{FAE04EC0-301F-11D3-BF4B-00C04F79EFBC}") = "Domain", "Domain\Domain.csproj", "{5AE9C5F9-8844-46A8-BD64-24DD11F186F7}"
EndProject
Project("{FAE04EC0-301F-11D3-BF4B-00C04F79EFBC}") = "Persistence", "Persistence\Persistence.csproj", "{05D1E59C-92C7-42B7-BC94-705AFB11A700}"
EndProject
Project("{FAE04EC0-301F-11D3-BF4B-00C04F79EFBC}") = "API", "API\API.csproj", "{380643C0-C9F6-4151-8F90-8BD0F76A2722}"
EndProject
Project("{FAE04EC0-301F-11D3-BF4B-00C04F79EFBC}") = "Application", "Application\Application.csproj", "{1EFF8024-4DF7-4D71-A5A3-4EB998D26862}"
EndProject
Global
	GlobalSection(SolutionConfigurationPlatforms) = preSolution
		Debug|Any CPU = Debug|Any CPU
		Debug|x64 = Debug|x64
		Debug|x86 = Debug|x86
		Release|Any CPU = Release|Any CPU
		Release|x64 = Release|x64
		Release|x86 = Release|x86
	EndGlobalSection
	GlobalSection(SolutionProperties) = preSolution
		HideSolutionNode = FALSE
	EndGlobalSection
	GlobalSection(ProjectConfigurationPlatforms) = postSolution
		{5AE9C5F9-8844-46A8-BD64-24DD11F186F7}.Debug|Any CPU.ActiveCfg = Debug|Any CPU
		{5AE9C5F9-8844-46A8-BD64-24DD11F186F7}.Debug|Any CPU.Build.0 = Debug|Any CPU
		{5AE9C5F9-8844-46A8-BD64-24DD11F186F7}.Debug|x64.ActiveCfg = Debug|Any CPU
		{5AE9C5F9-8844-46A8-BD64-24DD11F186F7}.Debug|x64.Build.0 = Debug|Any CPU
		{5AE9C5F9-8844-46A8-BD64-24DD11F186F7}.Debug|x86.ActiveCfg = Debug|Any CPU
		{5AE9C5F9-8844-46A8-BD64-24DD11F186F7}.Debug|x86.Build.0 = Debug|Any CPU
		{5AE9C5F9-8844-46A8-BD64-24DD11F186F7}.Release|Any CPU.ActiveCfg = Release|Any CPU
		{5AE9C5F9-8844-46A8-BD64-24DD11F186F7}.Release|Any CPU.Build.0 = Release|Any CPU
		{5AE9C5F9-8844-46A8-BD64-24DD11F186F7}.Release|x64.ActiveCfg = Release|Any CPU
		{5AE9C5F9-8844-46A8-BD64-24DD11F186F7}.Release|x64.Build.0 = Release|Any CPU
		{5AE9C5F9-8844-46A8-BD64-24DD11F186F7}.Release|x86.ActiveCfg = Release|Any CPU
		{5AE9C5F9-8844-46A8-BD64-24DD11F186F7}.Release|x86.Build.0 = Release|Any CPU
		{05D1E59C-92C7-42B7-BC94-705AFB11A700}.Debug|Any CPU.ActiveCfg = Debug|Any CPU
		{05D1E59C-92C7-42B7-BC94-705AFB11A700}.Debug|Any CPU.Build.0 = Debug|Any CPU
		{05D1E59C-92C7-42B7-BC94-705AFB11A700}.Debug|x64.ActiveCfg = Debug|Any CPU
		{05D1E59C-92C7-42B7-BC94-705AFB11A700}.Debug|x64.Build.0 = Debug|Any CPU
		{05D1E59C-92C7-42B7-BC94-705AFB11A700}.Debug|x86.ActiveCfg = Debug|Any CPU
		{05D1E59C-92C7-42B7-BC94-705AFB11A700}.Debug|x86.Build.0 = Debug|Any CPU
		{05D1E59C-92C7-42B7-BC94-705AFB11A700}.Release|Any CPU.ActiveCfg = Release|Any CPU
		{05D1E59C-92C7-42B7-BC94-705AFB11A700}.Release|Any CPU.Build.0 = Release|Any CPU
		{05D1E59C-92C7-42B7-BC94-705AFB11A700}.Release|x64.ActiveCfg = Release|Any CPU
		{05D1E59C-92C7-42B7-BC94-705AFB11A700}.Release|x64.Build.0 = Release|Any CPU
		{05D1E59C-92C7-42B7-BC94-705AFB11A700}.Release|x86.ActiveCfg = Release|Any CPU
		{05D1E59C-92C7-42B7-BC94-705AFB11A700}.Release|x86.Build.0 = Release|Any CPU
		{380643C0-C9F6-4151-8F90-8BD0F76A2722}.Debug|Any CPU.ActiveCfg = Debug|Any CPU
		{380643C0-C9F6-4151-8F90-8BD0F76A2722}.Debug|Any CPU.Build.0 = Debug|Any CPU
		{380643C0-C9F6-4151-8F90-8BD0F76A2722}.Debug|x64.ActiveCfg = Debug|Any CPU
		{380643C0-C9F6-4151-8F90-8BD0F76A2722}.Debug|x64.Build.0 = Debug|Any CPU
		{380643C0-C9F6-4151-8F90-8BD0F76A2722}.Debug|x86.ActiveCfg = Debug|Any CPU
		{380643C0-C9F6-4151-8F90-8BD0F76A2722}.Debug|x86.Build.0 = Debug|Any CPU
		{380643C0-C9F6-4151-8F90-8BD0F76A2722}.Release|Any CPU.ActiveCfg = Release|Any CPU
		{380643C0-C9F6-4151-8F90-8BD0F76A2722}.Release|Any CPU.Build.0 = Release|Any CPU
		{380643C0-C9F6-4151-8F90-8BD0F76A2722}.Release|x64.ActiveCfg = Release|Any CPU
		{380643C0-C9F6-4151-8F90-8BD0F76A2722}.Release|x64.Build.0 = Release|Any CPU
		{380643C0-C9F6-4151-8F90-8BD0F76A2722}.Release|x86.ActiveCfg = Release|Any CPU
		{380643C0-C9F6-4151-8F90-8BD0F76A2722}.Release|x86.Build.0 = Release|Any CPU
		{1EFF8024-4DF7-4D71-A5A3-4EB998D26862}.Debug|Any CPU.ActiveCfg = Debug|Any CPU
		{1EFF8024-4DF7-4D71-A5A3-4EB998D26862}.Debug|Any CPU.Build.0 = Debug|Any CPU
		{1EFF8024-4DF7-4D71-A5A3-4EB998D26862}.Debug|x64.ActiveCfg = Debug|Any CPU
		{1EFF8024-4DF7-4D71-A5A3-4EB998D26862}.Debug|x64.Build.0 = Debug|Any CPU
		{1EFF8024-4DF7-4D71-A5A3-4EB998D26862}.Debug|x86.ActiveCfg = Debug|Any CPU
		{1EFF8024-4DF7-4D71-A5A3-4EB998D26862}.Debug|x86.Build.0 = Debug|Any CPU
		{1EFF8024-4DF7-4D71-A5A3-4EB998D26862}.Release|Any CPU.ActiveCfg = Release|Any CPU
		{1EFF8024-4DF7-4D71-A5A3-4EB998D26862}.Release|Any CPU.Build.0 = Release|Any CPU
		{1EFF8024-4DF7-4D71-A5A3-4EB998D26862}.Release|x64.ActiveCfg = Release|Any CPU
		{1EFF8024-4DF7-4D71-A5A3-4EB998D26862}.Release|x64.Build.0 = Release|Any CPU
		{1EFF8024-4DF7-4D71-A5A3-4EB998D26862}.Release|x86.ActiveCfg = Release|Any CPU
		{1EFF8024-4DF7-4D71-A5A3-4EB998D26862}.Release|x86.Build.0 = Release|Any CPU
	EndGlobalSection
EndGlobal
